
Microsoft Visual Studio Solution File, Format Version 12.00
# Visual Studio Version 17
VisualStudioVersion = 17.9.34728.123
MinimumVisualStudioVersion = 10.0.40219.1
Project("{9A19103F-16F7-4668-BE54-9A1E7A4F7556}") = "arcardnoid", "arcardnoid\arcardnoid.csproj", "{09A3332D-6674-4D33-936F-67D1D1850AA7}"
EndProject
Project("{9A19103F-16F7-4668-BE54-9A1E7A4F7556}") = "arcardnoidTests", "arcardnoidTests\arcardnoidTests.csproj", "{526259B3-F33A-451D-882F-3D42D33BC6F9}"
EndProject
Project("{FAE04EC0-301F-11D3-BF4B-00C04F79EFBC}") = "ArcardnoidContent", "ArcardnoidContent\ArcardnoidContent.csproj", "{523B95A0-510A-4E34-9330-6792F4334616}"
EndProject
Project("{FAE04EC0-301F-11D3-BF4B-00C04F79EFBC}") = "ArcardnoidShared", "ArcardnoidShared\ArcardnoidShared.csproj", "{B9F13FE0-BB5A-4640-8BDA-210995544FA5}"
EndProject
Global
	GlobalSection(SolutionConfigurationPlatforms) = preSolution
		Debug|Any CPU = Debug|Any CPU
		Release|Any CPU = Release|Any CPU
	EndGlobalSection
	GlobalSection(ProjectConfigurationPlatforms) = postSolution
		{09A3332D-6674-4D33-936F-67D1D1850AA7}.Debug|Any CPU.ActiveCfg = Debug|Any CPU
		{09A3332D-6674-4D33-936F-67D1D1850AA7}.Debug|Any CPU.Build.0 = Debug|Any CPU
		{09A3332D-6674-4D33-936F-67D1D1850AA7}.Release|Any CPU.ActiveCfg = Release|Any CPU
		{09A3332D-6674-4D33-936F-67D1D1850AA7}.Release|Any CPU.Build.0 = Release|Any CPU
		{526259B3-F33A-451D-882F-3D42D33BC6F9}.Debug|Any CPU.ActiveCfg = Debug|Any CPU
		{526259B3-F33A-451D-882F-3D42D33BC6F9}.Debug|Any CPU.Build.0 = Debug|Any CPU
		{526259B3-F33A-451D-882F-3D42D33BC6F9}.Release|Any CPU.ActiveCfg = Release|Any CPU
		{526259B3-F33A-451D-882F-3D42D33BC6F9}.Release|Any CPU.Build.0 = Release|Any CPU
		{523B95A0-510A-4E34-9330-6792F4334616}.Debug|Any CPU.ActiveCfg = Debug|Any CPU
		{523B95A0-510A-4E34-9330-6792F4334616}.Debug|Any CPU.Build.0 = Debug|Any CPU
		{523B95A0-510A-4E34-9330-6792F4334616}.Release|Any CPU.ActiveCfg = Release|Any CPU
		{523B95A0-510A-4E34-9330-6792F4334616}.Release|Any CPU.Build.0 = Release|Any CPU
		{B9F13FE0-BB5A-4640-8BDA-210995544FA5}.Debug|Any CPU.ActiveCfg = Debug|Any CPU
		{B9F13FE0-BB5A-4640-8BDA-210995544FA5}.Debug|Any CPU.Build.0 = Debug|Any CPU
		{B9F13FE0-BB5A-4640-8BDA-210995544FA5}.Release|Any CPU.ActiveCfg = Release|Any CPU
		{B9F13FE0-BB5A-4640-8BDA-210995544FA5}.Release|Any CPU.Build.0 = Release|Any CPU
	EndGlobalSection
	GlobalSection(SolutionProperties) = preSolution
		HideSolutionNode = FALSE
	EndGlobalSection
	GlobalSection(ExtensibilityGlobals) = postSolution
		SolutionGuid = {468A65C0-9318-4AE2-AC7C-CEE26124576F}
	EndGlobalSection
EndGlobal
